
Microsoft Visual Studio Solution File, Format Version 12.00
# Visual Studio Version 17
VisualStudioVersion = 17.13.35825.156 d17.13
MinimumVisualStudioVersion = 10.0.40219.1
Project("{FAE04EC0-301F-11D3-BF4B-00C04F79EFBC}") = "asp.net-final-assignment", "asp.net-final-assignment\asp.net-final-assignment.csproj", "{8DB027F1-C24A-4652-85B7-8B47F559D2DF}"
EndProject
Global
	GlobalSection(SolutionConfigurationPlatforms) = preSolution
		Debug|Any CPU = Debug|Any CPU
		Release|Any CPU = Release|Any CPU
	EndGlobalSection
	GlobalSection(ProjectConfigurationPlatforms) = postSolution
		{8DB027F1-C24A-4652-85B7-8B47F559D2DF}.Debug|Any CPU.ActiveCfg = Debug|Any CPU
		{8DB027F1-C24A-4652-85B7-8B47F559D2DF}.Debug|Any CPU.Build.0 = Debug|Any CPU
		{8DB027F1-C24A-4652-85B7-8B47F559D2DF}.Release|Any CPU.ActiveCfg = Release|Any CPU
		{8DB027F1-C24A-4652-85B7-8B47F559D2DF}.Release|Any CPU.Build.0 = Release|Any CPU
	EndGlobalSection
	GlobalSection(SolutionProperties) = preSolution
		HideSolutionNode = FALSE
	EndGlobalSection
	GlobalSection(ExtensibilityGlobals) = postSolution
		SolutionGuid = {7256704B-9F13-4575-B9BC-C9B6B147E245}
	EndGlobalSection
EndGlobal
